<Solution>
  <Folder Name="/src/">
    <Project Path="src/Pms.Api/Pms.Api.csproj" />
    <Project Path="src/Pms.Application/Pms.Application.csproj" />
    <Project Path="src/Pms.Domain/Pms.Domain.csproj" />
    <Project Path="src/Pms.Infrastructure/Pms.Infrastructure.csproj" />
  </Folder>
  <Folder Name="/tests/">
    <Project Path="tests/Pms.Tests/Pms.Tests.csproj" />
  </Folder>
</Solution>
